{
  "name": "initiate",
  "version": "1.0.0",
  "lockfileVersion": 3,
  "requires": true,
  "packages": {
    "": {
      "name": "initiate",
      "version": "1.0.0",
      "license": "ISC",
      "dependencies": {
        "zod": "file:vendor/zod"
      },
      "devDependencies": {
        "vitest": "file:vendor/vitest"
      }
    },
    "node_modules/vitest": {
      "resolved": "vendor/vitest",
      "link": true
    },
    "node_modules/zod": {
      "resolved": "vendor/zod",
      "link": true
    },
    "vendor/vitest": {
      "version": "0.0.0-local",
      "dev": true,
      "bin": {
        "vitest": "bin/vitest.js"
      }
    },
    "vendor/zod": {
      "version": "0.0.0-local"
    }
  }
}
